// !$*UTF8*$!
{
	archiveVersion = 1;
	classes = {
	};
	objectVersion = 56;
	objects = {

/* Begin PBXBuildFile section */
		BC4FDF302A0FE4BF00757706 /* AppDelegate.swift in Sources */ = {isa = PBXBuildFile; fileRef = BC4FDF2F2A0FE4BF00757706 /* AppDelegate.swift */; };
		BC4FDF322A0FE4BF00757706 /* SceneDelegate.swift in Sources */ = {isa = PBXBuildFile; fileRef = BC4FDF312A0FE4BF00757706 /* SceneDelegate.swift */; };
		BC4FDF3A2A0FE4BF00757706 /* FaceAnswer.xcdatamodeld in Sources */ = {isa = PBXBuildFile; fileRef = BC4FDF382A0FE4BF00757706 /* FaceAnswer.xcdatamodeld */; };
		BC4FDF3C2A0FE4C100757706 /* Assets.xcassets in Resources */ = {isa = PBXBuildFile; fileRef = BC4FDF3B2A0FE4C100757706 /* Assets.xcassets */; };
		BC4FDF3F2A0FE4C100757706 /* LaunchScreen.storyboard in Resources */ = {isa = PBXBuildFile; fileRef = BC4FDF3D2A0FE4C100757706 /* LaunchScreen.storyboard */; };
		BC4FDF4A2A0FE52500757706 /* View.swift in Sources */ = {isa = PBXBuildFile; fileRef = BC4FDF492A0FE52500757706 /* View.swift */; };
		BC4FDF4C2A0FE52D00757706 /* Interactor.swift in Sources */ = {isa = PBXBuildFile; fileRef = BC4FDF4B2A0FE52D00757706 /* Interactor.swift */; };
		BC4FDF4E2A0FE53700757706 /* Presenter.swift in Sources */ = {isa = PBXBuildFile; fileRef = BC4FDF4D2A0FE53700757706 /* Presenter.swift */; };
		BC4FDF502A0FE53F00757706 /* Entity.swift in Sources */ = {isa = PBXBuildFile; fileRef = BC4FDF4F2A0FE53F00757706 /* Entity.swift */; };
		BC4FDF522A0FE54F00757706 /* Router.swift in Sources */ = {isa = PBXBuildFile; fileRef = BC4FDF512A0FE54F00757706 /* Router.swift */; };
		BC8132522A13E73C008D87E3 /* correct.mp3 in Resources */ = {isa = PBXBuildFile; fileRef = BC8132512A13E73C008D87E3 /* correct.mp3 */; };
		BC8132542A13E742008D87E3 /* wrong.mp3 in Resources */ = {isa = PBXBuildFile; fileRef = BC8132532A13E742008D87E3 /* wrong.mp3 */; };
		BC8132562A13E7E4008D87E3 /* timeup.mp3 in Resources */ = {isa = PBXBuildFile; fileRef = BC8132552A13E7E4008D87E3 /* timeup.mp3 */; };
		BCA3570F2A1122AD004E3710 /* GameView.swift in Sources */ = {isa = PBXBuildFile; fileRef = BCA3570E2A1122AD004E3710 /* GameView.swift */; };
		BCA357112A1122B5004E3710 /* GameInteractor.swift in Sources */ = {isa = PBXBuildFile; fileRef = BCA357102A1122B5004E3710 /* GameInteractor.swift */; };
		BCA357132A1122C2004E3710 /* GamePresenter.swift in Sources */ = {isa = PBXBuildFile; fileRef = BCA357122A1122C2004E3710 /* GamePresenter.swift */; };
		BCA357172A1122D9004E3710 /* GameRouter.swift in Sources */ = {isa = PBXBuildFile; fileRef = BCA357162A1122D9004E3710 /* GameRouter.swift */; };
		BCA3571A2A12A852004E3710 /* ScoreBoardView.swift in Sources */ = {isa = PBXBuildFile; fileRef = BCA357192A12A852004E3710 /* ScoreBoardView.swift */; };
		BCA3571C2A12A862004E3710 /* ScoreBoardInteractor.swift in Sources */ = {isa = PBXBuildFile; fileRef = BCA3571B2A12A862004E3710 /* ScoreBoardInteractor.swift */; };
		BCA3571E2A12A86C004E3710 /* ScoreBoardPresenter.swift in Sources */ = {isa = PBXBuildFile; fileRef = BCA3571D2A12A86C004E3710 /* ScoreBoardPresenter.swift */; };
		BCA357202A12A87C004E3710 /* ScoreBoardEntity.swift in Sources */ = {isa = PBXBuildFile; fileRef = BCA3571F2A12A87C004E3710 /* ScoreBoardEntity.swift */; };
		BCA357222A12A889004E3710 /* ScoreBoardRouter.swift in Sources */ = {isa = PBXBuildFile; fileRef = BCA357212A12A889004E3710 /* ScoreBoardRouter.swift */; };
		BCA357242A12A8AC004E3710 /* ViperCommonProtocols.swift in Sources */ = {isa = PBXBuildFile; fileRef = BCA357232A12A8AC004E3710 /* ViperCommonProtocols.swift */; };
		BCA357262A12A91C004E3710 /* CommonRouter.swift in Sources */ = {isa = PBXBuildFile; fileRef = BCA357252A12A91C004E3710 /* CommonRouter.swift */; };
		BCA357282A12A92E004E3710 /* CommonPresenter.swift in Sources */ = {isa = PBXBuildFile; fileRef = BCA357272A12A92E004E3710 /* CommonPresenter.swift */; };
		BCA3572B2A12CE8E004E3710 /* EndGameView.swift in Sources */ = {isa = PBXBuildFile; fileRef = BCA3572A2A12CE8E004E3710 /* EndGameView.swift */; };
		BCA3572D2A12CEA3004E3710 /* EndGameInteractor.swift in Sources */ = {isa = PBXBuildFile; fileRef = BCA3572C2A12CEA3004E3710 /* EndGameInteractor.swift */; };
		BCA3572F2A12CEAC004E3710 /* EndGamePresenter.swift in Sources */ = {isa = PBXBuildFile; fileRef = BCA3572E2A12CEAC004E3710 /* EndGamePresenter.swift */; };
		BCA357332A12CEC1004E3710 /* EndGameRouter.swift in Sources */ = {isa = PBXBuildFile; fileRef = BCA357322A12CEC1004E3710 /* EndGameRouter.swift */; };
		BCF8E1632A0FFEEF00F01E4D /* TypeView.swift in Sources */ = {isa = PBXBuildFile; fileRef = BCF8E1622A0FFEEF00F01E4D /* TypeView.swift */; };
		BCF8E1652A0FFF0000F01E4D /* TypeInteractor.swift in Sources */ = {isa = PBXBuildFile; fileRef = BCF8E1642A0FFF0000F01E4D /* TypeInteractor.swift */; };
		BCF8E1672A0FFF0E00F01E4D /* TypePresenter.swift in Sources */ = {isa = PBXBuildFile; fileRef = BCF8E1662A0FFF0E00F01E4D /* TypePresenter.swift */; };
		BCF8E1692A0FFF1500F01E4D /* TypeEntity.swift in Sources */ = {isa = PBXBuildFile; fileRef = BCF8E1682A0FFF1500F01E4D /* TypeEntity.swift */; };
		BCF8E16B2A0FFF1E00F01E4D /* TypeRouter.swift in Sources */ = {isa = PBXBuildFile; fileRef = BCF8E16A2A0FFF1E00F01E4D /* TypeRouter.swift */; };
/* End PBXBuildFile section */

/* Begin PBXFileReference section */
		BC4FDF2C2A0FE4BF00757706 /* FaceAnswer.app */ = {isa = PBXFileReference; explicitFileType = wrapper.application; includeInIndex = 0; path = FaceAnswer.app; sourceTree = BUILT_PRODUCTS_DIR; };
		BC4FDF2F2A0FE4BF00757706 /* AppDelegate.swift */ = {isa = PBXFileReference; lastKnownFileType = sourcecode.swift; path = AppDelegate.swift; sourceTree = "<group>"; };
		BC4FDF312A0FE4BF00757706 /* SceneDelegate.swift */ = {isa = PBXFileReference; lastKnownFileType = sourcecode.swift; path = SceneDelegate.swift; sourceTree = "<group>"; };
		BC4FDF392A0FE4BF00757706 /* FaceAnswer.xcdatamodel */ = {isa = PBXFileReference; lastKnownFileType = wrapper.xcdatamodel; path = FaceAnswer.xcdatamodel; sourceTree = "<group>"; };
		BC4FDF3B2A0FE4C100757706 /* Assets.xcassets */ = {isa = PBXFileReference; lastKnownFileType = folder.assetcatalog; path = Assets.xcassets; sourceTree = "<group>"; };
		BC4FDF3E2A0FE4C100757706 /* Base */ = {isa = PBXFileReference; lastKnownFileType = file.storyboard; name = Base; path = Base.lproj/LaunchScreen.storyboard; sourceTree = "<group>"; };
		BC4FDF402A0FE4C100757706 /* Info.plist */ = {isa = PBXFileReference; lastKnownFileType = text.plist.xml; path = Info.plist; sourceTree = "<group>"; };
		BC4FDF492A0FE52500757706 /* View.swift */ = {isa = PBXFileReference; lastKnownFileType = sourcecode.swift; path = View.swift; sourceTree = "<group>"; };
		BC4FDF4B2A0FE52D00757706 /* Interactor.swift */ = {isa = PBXFileReference; lastKnownFileType = sourcecode.swift; path = Interactor.swift; sourceTree = "<group>"; };
		BC4FDF4D2A0FE53700757706 /* Presenter.swift */ = {isa = PBXFileReference; lastKnownFileType = sourcecode.swift; path = Presenter.swift; sourceTree = "<group>"; };
		BC4FDF4F2A0FE53F00757706 /* Entity.swift */ = {isa = PBXFileReference; lastKnownFileType = sourcecode.swift; path = Entity.swift; sourceTree = "<group>"; };
		BC4FDF512A0FE54F00757706 /* Router.swift */ = {isa = PBXFileReference; lastKnownFileType = sourcecode.swift; path = Router.swift; sourceTree = "<group>"; };
		BC8132512A13E73C008D87E3 /* correct.mp3 */ = {isa = PBXFileReference; lastKnownFileType = audio.mp3; path = correct.mp3; sourceTree = "<group>"; };
		BC8132532A13E742008D87E3 /* wrong.mp3 */ = {isa = PBXFileReference; lastKnownFileType = audio.mp3; path = wrong.mp3; sourceTree = "<group>"; };
		BC8132552A13E7E4008D87E3 /* timeup.mp3 */ = {isa = PBXFileReference; lastKnownFileType = audio.mp3; path = timeup.mp3; sourceTree = "<group>"; };
		BCA3570E2A1122AD004E3710 /* GameView.swift */ = {isa = PBXFileReference; lastKnownFileType = sourcecode.swift; path = GameView.swift; sourceTree = "<group>"; };
		BCA357102A1122B5004E3710 /* GameInteractor.swift */ = {isa = PBXFileReference; lastKnownFileType = sourcecode.swift; path = GameInteractor.swift; sourceTree = "<group>"; };
		BCA357122A1122C2004E3710 /* GamePresenter.swift */ = {isa = PBXFileReference; lastKnownFileType = sourcecode.swift; path = GamePresenter.swift; sourceTree = "<group>"; };
		BCA357162A1122D9004E3710 /* GameRouter.swift */ = {isa = PBXFileReference; lastKnownFileType = sourcecode.swift; path = GameRouter.swift; sourceTree = "<group>"; };
		BCA357192A12A852004E3710 /* ScoreBoardView.swift */ = {isa = PBXFileReference; lastKnownFileType = sourcecode.swift; path = ScoreBoardView.swift; sourceTree = "<group>"; };
		BCA3571B2A12A862004E3710 /* ScoreBoardInteractor.swift */ = {isa = PBXFileReference; lastKnownFileType = sourcecode.swift; path = ScoreBoardInteractor.swift; sourceTree = "<group>"; };
		BCA3571D2A12A86C004E3710 /* ScoreBoardPresenter.swift */ = {isa = PBXFileReference; lastKnownFileType = sourcecode.swift; path = ScoreBoardPresenter.swift; sourceTree = "<group>"; };
		BCA3571F2A12A87C004E3710 /* ScoreBoardEntity.swift */ = {isa = PBXFileReference; lastKnownFileType = sourcecode.swift; path = ScoreBoardEntity.swift; sourceTree = "<group>"; };
		BCA357212A12A889004E3710 /* ScoreBoardRouter.swift */ = {isa = PBXFileReference; lastKnownFileType = sourcecode.swift; path = ScoreBoardRouter.swift; sourceTree = "<group>"; };
		BCA357232A12A8AC004E3710 /* ViperCommonProtocols.swift */ = {isa = PBXFileReference; lastKnownFileType = sourcecode.swift; path = ViperCommonProtocols.swift; sourceTree = "<group>"; };
		BCA357252A12A91C004E3710 /* CommonRouter.swift */ = {isa = PBXFileReference; lastKnownFileType = sourcecode.swift; path = CommonRouter.swift; sourceTree = "<group>"; };
		BCA357272A12A92E004E3710 /* CommonPresenter.swift */ = {isa = PBXFileReference; lastKnownFileType = sourcecode.swift; path = CommonPresenter.swift; sourceTree = "<group>"; };
		BCA3572A2A12CE8E004E3710 /* EndGameView.swift */ = {isa = PBXFileReference; lastKnownFileType = sourcecode.swift; path = EndGameView.swift; sourceTree = "<group>"; };
		BCA3572C2A12CEA3004E3710 /* EndGameInteractor.swift */ = {isa = PBXFileReference; lastKnownFileType = sourcecode.swift; path = EndGameInteractor.swift; sourceTree = "<group>"; };
		BCA3572E2A12CEAC004E3710 /* EndGamePresenter.swift */ = {isa = PBXFileReference; lastKnownFileType = sourcecode.swift; path = EndGamePresenter.swift; sourceTree = "<group>"; };
		BCA357322A12CEC1004E3710 /* EndGameRouter.swift */ = {isa = PBXFileReference; lastKnownFileType = sourcecode.swift; path = EndGameRouter.swift; sourceTree = "<group>"; };
		BCF8E1622A0FFEEF00F01E4D /* TypeView.swift */ = {isa = PBXFileReference; lastKnownFileType = sourcecode.swift; path = TypeView.swift; sourceTree = "<group>"; };
		BCF8E1642A0FFF0000F01E4D /* TypeInteractor.swift */ = {isa = PBXFileReference; lastKnownFileType = sourcecode.swift; path = TypeInteractor.swift; sourceTree = "<group>"; };
		BCF8E1662A0FFF0E00F01E4D /* TypePresenter.swift */ = {isa = PBXFileReference; lastKnownFileType = sourcecode.swift; path = TypePresenter.swift; sourceTree = "<group>"; };
		BCF8E1682A0FFF1500F01E4D /* TypeEntity.swift */ = {isa = PBXFileReference; lastKnownFileType = sourcecode.swift; path = TypeEntity.swift; sourceTree = "<group>"; };
		BCF8E16A2A0FFF1E00F01E4D /* TypeRouter.swift */ = {isa = PBXFileReference; lastKnownFileType = sourcecode.swift; path = TypeRouter.swift; sourceTree = "<group>"; };
/* End PBXFileReference section */

/* Begin PBXFrameworksBuildPhase section */
		BC4FDF292A0FE4BF00757706 /* Frameworks */ = {
			isa = PBXFrameworksBuildPhase;
			buildActionMask = 2147483647;
			files = (
			);
			runOnlyForDeploymentPostprocessing = 0;
		};
/* End PBXFrameworksBuildPhase section */

/* Begin PBXGroup section */
		BC4FDF232A0FE4BF00757706 = {
			isa = PBXGroup;
			children = (
				BC4FDF2E2A0FE4BF00757706 /* FaceAnswer */,
				BC4FDF2D2A0FE4BF00757706 /* Products */,
			);
			sourceTree = "<group>";
		};
		BC4FDF2D2A0FE4BF00757706 /* Products */ = {
			isa = PBXGroup;
			children = (
				BC4FDF2C2A0FE4BF00757706 /* FaceAnswer.app */,
			);
			name = Products;
			sourceTree = "<group>";
		};
		BC4FDF2E2A0FE4BF00757706 /* FaceAnswer */ = {
			isa = PBXGroup;
			children = (
				BC8132502A13E731008D87E3 /* Sounds */,
				BC4FDF472A0FE4D100757706 /* Common */,
				BC4FDF462A0FE4C900757706 /* Modules */,
				BC4FDF2F2A0FE4BF00757706 /* AppDelegate.swift */,
				BC4FDF312A0FE4BF00757706 /* SceneDelegate.swift */,
				BC4FDF3B2A0FE4C100757706 /* Assets.xcassets */,
				BC4FDF3D2A0FE4C100757706 /* LaunchScreen.storyboard */,
				BC4FDF402A0FE4C100757706 /* Info.plist */,
				BC4FDF382A0FE4BF00757706 /* FaceAnswer.xcdatamodeld */,
			);
			path = FaceAnswer;
			sourceTree = "<group>";
		};
		BC4FDF462A0FE4C900757706 /* Modules */ = {
			isa = PBXGroup;
			children = (
				BCA357182A12A83F004E3710 /* ScoreBoard */,
				BCA357292A12CD62004E3710 /* EndGame */,
				BCA3570D2A112298004E3710 /* Game */,
				BCF8E1612A0FFEDC00F01E4D /* QuizTypeSelection */,
				BC4FDF482A0FE4F600757706 /* Login */,
			);
			path = Modules;
			sourceTree = "<group>";
		};
		BC4FDF472A0FE4D100757706 /* Common */ = {
			isa = PBXGroup;
			children = (
				BCA357232A12A8AC004E3710 /* ViperCommonProtocols.swift */,
				BCA357252A12A91C004E3710 /* CommonRouter.swift */,
				BCA357272A12A92E004E3710 /* CommonPresenter.swift */,
			);
			path = Common;
			sourceTree = "<group>";
		};
		BC4FDF482A0FE4F600757706 /* Login */ = {
			isa = PBXGroup;
			children = (
				BC4FDF492A0FE52500757706 /* View.swift */,
				BC4FDF4B2A0FE52D00757706 /* Interactor.swift */,
				BC4FDF4D2A0FE53700757706 /* Presenter.swift */,
				BC4FDF4F2A0FE53F00757706 /* Entity.swift */,
				BC4FDF512A0FE54F00757706 /* Router.swift */,
			);
			path = Login;
			sourceTree = "<group>";
		};
		BC8132502A13E731008D87E3 /* Sounds */ = {
			isa = PBXGroup;
			children = (
				BC8132552A13E7E4008D87E3 /* timeup.mp3 */,
				BC8132532A13E742008D87E3 /* wrong.mp3 */,
				BC8132512A13E73C008D87E3 /* correct.mp3 */,
			);
			path = Sounds;
			sourceTree = "<group>";
		};
		BCA3570D2A112298004E3710 /* Game */ = {
			isa = PBXGroup;
			children = (
				BCA3570E2A1122AD004E3710 /* GameView.swift */,
				BCA357102A1122B5004E3710 /* GameInteractor.swift */,
				BCA357122A1122C2004E3710 /* GamePresenter.swift */,
				BCA357162A1122D9004E3710 /* GameRouter.swift */,
			);
			path = Game;
			sourceTree = "<group>";
		};
		BCA357182A12A83F004E3710 /* ScoreBoard */ = {
			isa = PBXGroup;
			children = (
				BCA357192A12A852004E3710 /* ScoreBoardView.swift */,
				BCA3571B2A12A862004E3710 /* ScoreBoardInteractor.swift */,
				BCA3571D2A12A86C004E3710 /* ScoreBoardPresenter.swift */,
				BCA3571F2A12A87C004E3710 /* ScoreBoardEntity.swift */,
				BCA357212A12A889004E3710 /* ScoreBoardRouter.swift */,
			);
			path = ScoreBoard;
			sourceTree = "<group>";
		};
		BCA357292A12CD62004E3710 /* EndGame */ = {
			isa = PBXGroup;
			children = (
				BCA3572A2A12CE8E004E3710 /* EndGameView.swift */,
				BCA3572C2A12CEA3004E3710 /* EndGameInteractor.swift */,
				BCA3572E2A12CEAC004E3710 /* EndGamePresenter.swift */,
				BCA357322A12CEC1004E3710 /* EndGameRouter.swift */,
			);
			path = EndGame;
			sourceTree = "<group>";
		};
		BCF8E1612A0FFEDC00F01E4D /* QuizTypeSelection */ = {
			isa = PBXGroup;
			children = (
				BCF8E1622A0FFEEF00F01E4D /* TypeView.swift */,
				BCF8E1642A0FFF0000F01E4D /* TypeInteractor.swift */,
				BCF8E1662A0FFF0E00F01E4D /* TypePresenter.swift */,
				BCF8E1682A0FFF1500F01E4D /* TypeEntity.swift */,
				BCF8E16A2A0FFF1E00F01E4D /* TypeRouter.swift */,
			);
			path = QuizTypeSelection;
			sourceTree = "<group>";
		};
/* End PBXGroup section */

/* Begin PBXNativeTarget section */
		BC4FDF2B2A0FE4BF00757706 /* FaceAnswer */ = {
			isa = PBXNativeTarget;
			buildConfigurationList = BC4FDF432A0FE4C100757706 /* Build configuration list for PBXNativeTarget "FaceAnswer" */;
			buildPhases = (
				BC4FDF282A0FE4BF00757706 /* Sources */,
				BC4FDF292A0FE4BF00757706 /* Frameworks */,
				BC4FDF2A2A0FE4BF00757706 /* Resources */,
			);
			buildRules = (
			);
			dependencies = (
			);
			name = FaceAnswer;
			productName = FaceAnswer;
			productReference = BC4FDF2C2A0FE4BF00757706 /* FaceAnswer.app */;
			productType = "com.apple.product-type.application";
		};
/* End PBXNativeTarget section */

/* Begin PBXProject section */
		BC4FDF242A0FE4BF00757706 /* Project object */ = {
			isa = PBXProject;
			attributes = {
				BuildIndependentTargetsInParallel = 1;
				LastSwiftUpdateCheck = 1430;
				LastUpgradeCheck = 1430;
				TargetAttributes = {
					BC4FDF2B2A0FE4BF00757706 = {
						CreatedOnToolsVersion = 14.3;
					};
				};
			};
			buildConfigurationList = BC4FDF272A0FE4BF00757706 /* Build configuration list for PBXProject "FaceAnswer" */;
			compatibilityVersion = "Xcode 14.0";
			developmentRegion = en;
			hasScannedForEncodings = 0;
			knownRegions = (
				en,
				Base,
			);
			mainGroup = BC4FDF232A0FE4BF00757706;
			productRefGroup = BC4FDF2D2A0FE4BF00757706 /* Products */;
			projectDirPath = "";
			projectRoot = "";
			targets = (
				BC4FDF2B2A0FE4BF00757706 /* FaceAnswer */,
			);
		};
/* End PBXProject section */

/* Begin PBXResourcesBuildPhase section */
		BC4FDF2A2A0FE4BF00757706 /* Resources */ = {
			isa = PBXResourcesBuildPhase;
			buildActionMask = 2147483647;
			files = (
				BC8132542A13E742008D87E3 /* wrong.mp3 in Resources */,
				BC4FDF3F2A0FE4C100757706 /* LaunchScreen.storyboard in Resources */,
				BC8132562A13E7E4008D87E3 /* timeup.mp3 in Resources */,
				BC8132522A13E73C008D87E3 /* correct.mp3 in Resources */,
				BC4FDF3C2A0FE4C100757706 /* Assets.xcassets in Resources */,
			);
			runOnlyForDeploymentPostprocessing = 0;
		};
/* End PBXResourcesBuildPhase section */

/* Begin PBXSourcesBuildPhase section */
		BC4FDF282A0FE4BF00757706 /* Sources */ = {
			isa = PBXSourcesBuildPhase;
			buildActionMask = 2147483647;
			files = (
				BC4FDF4C2A0FE52D00757706 /* Interactor.swift in Sources */,
				BCA357132A1122C2004E3710 /* GamePresenter.swift in Sources */,
				BCA357242A12A8AC004E3710 /* ViperCommonProtocols.swift in Sources */,
				BCA3571A2A12A852004E3710 /* ScoreBoardView.swift in Sources */,
				BCF8E1672A0FFF0E00F01E4D /* TypePresenter.swift in Sources */,
				BC4FDF4E2A0FE53700757706 /* Presenter.swift in Sources */,
				BCA3572F2A12CEAC004E3710 /* EndGamePresenter.swift in Sources */,
				BCA357222A12A889004E3710 /* ScoreBoardRouter.swift in Sources */,
				BCA3571C2A12A862004E3710 /* ScoreBoardInteractor.swift in Sources */,
				BCA357332A12CEC1004E3710 /* EndGameRouter.swift in Sources */,
				BCF8E1652A0FFF0000F01E4D /* TypeInteractor.swift in Sources */,
				BCA3572D2A12CEA3004E3710 /* EndGameInteractor.swift in Sources */,
				BCA3572B2A12CE8E004E3710 /* EndGameView.swift in Sources */,
				BCA357112A1122B5004E3710 /* GameInteractor.swift in Sources */,
				BCA3570F2A1122AD004E3710 /* GameView.swift in Sources */,
				BC4FDF302A0FE4BF00757706 /* AppDelegate.swift in Sources */,
				BCA357262A12A91C004E3710 /* CommonRouter.swift in Sources */,
				BC4FDF522A0FE54F00757706 /* Router.swift in Sources */,
				BC4FDF502A0FE53F00757706 /* Entity.swift in Sources */,
				BC4FDF4A2A0FE52500757706 /* View.swift in Sources */,
				BCA3571E2A12A86C004E3710 /* ScoreBoardPresenter.swift in Sources */,
				BCF8E1692A0FFF1500F01E4D /* TypeEntity.swift in Sources */,
				BCA357202A12A87C004E3710 /* ScoreBoardEntity.swift in Sources */,
				BC4FDF3A2A0FE4BF00757706 /* FaceAnswer.xcdatamodeld in Sources */,
				BCF8E1632A0FFEEF00F01E4D /* TypeView.swift in Sources */,
				BCA357172A1122D9004E3710 /* GameRouter.swift in Sources */,
				BCA357282A12A92E004E3710 /* CommonPresenter.swift in Sources */,
				BC4FDF322A0FE4BF00757706 /* SceneDelegate.swift in Sources */,
				BCF8E16B2A0FFF1E00F01E4D /* TypeRouter.swift in Sources */,
			);
			runOnlyForDeploymentPostprocessing = 0;
		};
/* End PBXSourcesBuildPhase section */

/* Begin PBXVariantGroup section */
		BC4FDF3D2A0FE4C100757706 /* LaunchScreen.storyboard */ = {
			isa = PBXVariantGroup;
			children = (
				BC4FDF3E2A0FE4C100757706 /* Base */,
			);
			name = LaunchScreen.storyboard;
			sourceTree = "<group>";
		};
/* End PBXVariantGroup section */

/* Begin XCBuildConfiguration section */
		BC4FDF412A0FE4C100757706 /* Debug */ = {
			isa = XCBuildConfiguration;
			buildSettings = {
				ALWAYS_SEARCH_USER_PATHS = NO;
				CLANG_ANALYZER_NONNULL = YES;
				CLANG_ANALYZER_NUMBER_OBJECT_CONVERSION = YES_AGGRESSIVE;
				CLANG_CXX_LANGUAGE_STANDARD = "gnu++20";
				CLANG_ENABLE_MODULES = YES;
				CLANG_ENABLE_OBJC_ARC = YES;
				CLANG_ENABLE_OBJC_WEAK = YES;
				CLANG_WARN_BLOCK_CAPTURE_AUTORELEASING = YES;
				CLANG_WARN_BOOL_CONVERSION = YES;
				CLANG_WARN_COMMA = YES;
				CLANG_WARN_CONSTANT_CONVERSION = YES;
				CLANG_WARN_DEPRECATED_OBJC_IMPLEMENTATIONS = YES;
				CLANG_WARN_DIRECT_OBJC_ISA_USAGE = YES_ERROR;
				CLANG_WARN_DOCUMENTATION_COMMENTS = YES;
				CLANG_WARN_EMPTY_BODY = YES;
				CLANG_WARN_ENUM_CONVERSION = YES;
				CLANG_WARN_INFINITE_RECURSION = YES;
				CLANG_WARN_INT_CONVERSION = YES;
				CLANG_WARN_NON_LITERAL_NULL_CONVERSION = YES;
				CLANG_WARN_OBJC_IMPLICIT_RETAIN_SELF = YES;
				CLANG_WARN_OBJC_LITERAL_CONVERSION = YES;
				CLANG_WARN_OBJC_ROOT_CLASS = YES_ERROR;
				CLANG_WARN_QUOTED_INCLUDE_IN_FRAMEWORK_HEADER = YES;
				CLANG_WARN_RANGE_LOOP_ANALYSIS = YES;
				CLANG_WARN_STRICT_PROTOTYPES = YES;
				CLANG_WARN_SUSPICIOUS_MOVE = YES;
				CLANG_WARN_UNGUARDED_AVAILABILITY = YES_AGGRESSIVE;
				CLANG_WARN_UNREACHABLE_CODE = YES;
				CLANG_WARN__DUPLICATE_METHOD_MATCH = YES;
				COPY_PHASE_STRIP = NO;
				DEBUG_INFORMATION_FORMAT = dwarf;
				ENABLE_STRICT_OBJC_MSGSEND = YES;
				ENABLE_TESTABILITY = YES;
				GCC_C_LANGUAGE_STANDARD = gnu11;
				GCC_DYNAMIC_NO_PIC = NO;
				GCC_NO_COMMON_BLOCKS = YES;
				GCC_OPTIMIZATION_LEVEL = 0;
				GCC_PREPROCESSOR_DEFINITIONS = (
					"DEBUG=1",
					"$(inherited)",
				);
				GCC_WARN_64_TO_32_BIT_CONVERSION = YES;
				GCC_WARN_ABOUT_RETURN_TYPE = YES_ERROR;
				GCC_WARN_UNDECLARED_SELECTOR = YES;
				GCC_WARN_UNINITIALIZED_AUTOS = YES_AGGRESSIVE;
				GCC_WARN_UNUSED_FUNCTION = YES;
				GCC_WARN_UNUSED_VARIABLE = YES;
				IPHONEOS_DEPLOYMENT_TARGET = 15.0;
				MTL_ENABLE_DEBUG_INFO = INCLUDE_SOURCE;
				MTL_FAST_MATH = YES;
				ONLY_ACTIVE_ARCH = YES;
				SDKROOT = iphoneos;
				SWIFT_ACTIVE_COMPILATION_CONDITIONS = DEBUG;
				SWIFT_OPTIMIZATION_LEVEL = "-Onone";
			};
			name = Debug;
		};
		BC4FDF422A0FE4C100757706 /* Release */ = {
			isa = XCBuildConfiguration;
			buildSettings = {
				ALWAYS_SEARCH_USER_PATHS = NO;
				CLANG_ANALYZER_NONNULL = YES;
				CLANG_ANALYZER_NUMBER_OBJECT_CONVERSION = YES_AGGRESSIVE;
				CLANG_CXX_LANGUAGE_STANDARD = "gnu++20";
				CLANG_ENABLE_MODULES = YES;
				CLANG_ENABLE_OBJC_ARC = YES;
				CLANG_ENABLE_OBJC_WEAK = YES;
				CLANG_WARN_BLOCK_CAPTURE_AUTORELEASING = YES;
				CLANG_WARN_BOOL_CONVERSION = YES;
				CLANG_WARN_COMMA = YES;
				CLANG_WARN_CONSTANT_CONVERSION = YES;
				CLANG_WARN_DEPRECATED_OBJC_IMPLEMENTATIONS = YES;
				CLANG_WARN_DIRECT_OBJC_ISA_USAGE = YES_ERROR;
				CLANG_WARN_DOCUMENTATION_COMMENTS = YES;
				CLANG_WARN_EMPTY_BODY = YES;
				CLANG_WARN_ENUM_CONVERSION = YES;
				CLANG_WARN_INFINITE_RECURSION = YES;
				CLANG_WARN_INT_CONVERSION = YES;
				CLANG_WARN_NON_LITERAL_NULL_CONVERSION = YES;
				CLANG_WARN_OBJC_IMPLICIT_RETAIN_SELF = YES;
				CLANG_WARN_OBJC_LITERAL_CONVERSION = YES;
				CLANG_WARN_OBJC_ROOT_CLASS = YES_ERROR;
				CLANG_WARN_QUOTED_INCLUDE_IN_FRAMEWORK_HEADER = YES;
				CLANG_WARN_RANGE_LOOP_ANALYSIS = YES;
				CLANG_WARN_STRICT_PROTOTYPES = YES;
				CLANG_WARN_SUSPICIOUS_MOVE = YES;
				CLANG_WARN_UNGUARDED_AVAILABILITY = YES_AGGRESSIVE;
				CLANG_WARN_UNREACHABLE_CODE = YES;
				CLANG_WARN__DUPLICATE_METHOD_MATCH = YES;
				COPY_PHASE_STRIP = NO;
				DEBUG_INFORMATION_FORMAT = "dwarf-with-dsym";
				ENABLE_NS_ASSERTIONS = NO;
				ENABLE_STRICT_OBJC_MSGSEND = YES;
				GCC_C_LANGUAGE_STANDARD = gnu11;
				GCC_NO_COMMON_BLOCKS = YES;
				GCC_WARN_64_TO_32_BIT_CONVERSION = YES;
				GCC_WARN_ABOUT_RETURN_TYPE = YES_ERROR;
				GCC_WARN_UNDECLARED_SELECTOR = YES;
				GCC_WARN_UNINITIALIZED_AUTOS = YES_AGGRESSIVE;
				GCC_WARN_UNUSED_FUNCTION = YES;
				GCC_WARN_UNUSED_VARIABLE = YES;
				IPHONEOS_DEPLOYMENT_TARGET = 15.0;
				MTL_ENABLE_DEBUG_INFO = NO;
				MTL_FAST_MATH = YES;
				SDKROOT = iphoneos;
				SWIFT_COMPILATION_MODE = wholemodule;
				SWIFT_OPTIMIZATION_LEVEL = "-O";
				VALIDATE_PRODUCT = YES;
			};
			name = Release;
		};
		BC4FDF442A0FE4C100757706 /* Debug */ = {
			isa = XCBuildConfiguration;
			buildSettings = {
				ASSETCATALOG_COMPILER_APPICON_NAME = AppIcon;
				ASSETCATALOG_COMPILER_GLOBAL_ACCENT_COLOR_NAME = AccentColor;
				CODE_SIGN_STYLE = Automatic;
				CURRENT_PROJECT_VERSION = 1;
				DEVELOPMENT_TEAM = PA6B32629T;
				GENERATE_INFOPLIST_FILE = YES;
				INFOPLIST_FILE = FaceAnswer/Info.plist;
				INFOPLIST_KEY_UIApplicationSupportsIndirectInputEvents = YES;
				INFOPLIST_KEY_UILaunchStoryboardName = LaunchScreen;
				INFOPLIST_KEY_UISupportedInterfaceOrientations_iPad = "UIInterfaceOrientationPortrait UIInterfaceOrientationPortraitUpsideDown UIInterfaceOrientationLandscapeLeft UIInterfaceOrientationLandscapeRight";
				INFOPLIST_KEY_UISupportedInterfaceOrientations_iPhone = "UIInterfaceOrientationPortrait UIInterfaceOrientationLandscapeLeft UIInterfaceOrientationLandscapeRight";
				LD_RUNPATH_SEARCH_PATHS = (
					"$(inherited)",
					"@executable_path/Frameworks",
				);
				MARKETING_VERSION = 1.0;
				PRODUCT_BUNDLE_IDENTIFIER = com.Emre.selfProjectCase.FaceAnswer;
				PRODUCT_NAME = "$(TARGET_NAME)";
				SWIFT_EMIT_LOC_STRINGS = YES;
				SWIFT_VERSION = 5.0;
				TARGETED_DEVICE_FAMILY = "1,2";
			};
			name = Debug;
		};
		BC4FDF452A0FE4C100757706 /* Release */ = {
			isa = XCBuildConfiguration;
			buildSettings = {
				ASSETCATALOG_COMPILER_APPICON_NAME = AppIcon;
				ASSETCATALOG_COMPILER_GLOBAL_ACCENT_COLOR_NAME = AccentColor;
				CODE_SIGN_STYLE = Automatic;
				CURRENT_PROJECT_VERSION = 1;
				DEVELOPMENT_TEAM = PA6B32629T;
				GENERATE_INFOPLIST_FILE = YES;
				INFOPLIST_FILE = FaceAnswer/Info.plist;
				INFOPLIST_KEY_UIApplicationSupportsIndirectInputEvents = YES;
				INFOPLIST_KEY_UILaunchStoryboardName = LaunchScreen;
				INFOPLIST_KEY_UISupportedInterfaceOrientations_iPad = "UIInterfaceOrientationPortrait UIInterfaceOrientationPortraitUpsideDown UIInterfaceOrientationLandscapeLeft UIInterfaceOrientationLandscapeRight";
				INFOPLIST_KEY_UISupportedInterfaceOrientations_iPhone = "UIInterfaceOrientationPortrait UIInterfaceOrientationLandscapeLeft UIInterfaceOrientationLandscapeRight";
				LD_RUNPATH_SEARCH_PATHS = (
					"$(inherited)",
					"@executable_path/Frameworks",
				);
				MARKETING_VERSION = 1.0;
				PRODUCT_BUNDLE_IDENTIFIER = com.Emre.selfProjectCase.FaceAnswer;
				PRODUCT_NAME = "$(TARGET_NAME)";
				SWIFT_EMIT_LOC_STRINGS = YES;
				SWIFT_VERSION = 5.0;
				TARGETED_DEVICE_FAMILY = "1,2";
			};
			name = Release;
		};
/* End XCBuildConfiguration section */

/* Begin XCConfigurationList section */
		BC4FDF272A0FE4BF00757706 /* Build configuration list for PBXProject "FaceAnswer" */ = {
			isa = XCConfigurationList;
			buildConfigurations = (
				BC4FDF412A0FE4C100757706 /* Debug */,
				BC4FDF422A0FE4C100757706 /* Release */,
			);
			defaultConfigurationIsVisible = 0;
			defaultConfigurationName = Release;
		};
		BC4FDF432A0FE4C100757706 /* Build configuration list for PBXNativeTarget "FaceAnswer" */ = {
			isa = XCConfigurationList;
			buildConfigurations = (
				BC4FDF442A0FE4C100757706 /* Debug */,
				BC4FDF452A0FE4C100757706 /* Release */,
			);
			defaultConfigurationIsVisible = 0;
			defaultConfigurationName = Release;
		};
/* End XCConfigurationList section */

/* Begin XCVersionGroup section */
		BC4FDF382A0FE4BF00757706 /* FaceAnswer.xcdatamodeld */ = {
			isa = XCVersionGroup;
			children = (
				BC4FDF392A0FE4BF00757706 /* FaceAnswer.xcdatamodel */,
			);
			currentVersion = BC4FDF392A0FE4BF00757706 /* FaceAnswer.xcdatamodel */;
			path = FaceAnswer.xcdatamodeld;
			sourceTree = "<group>";
			versionGroupType = wrapper.xcdatamodel;
		};
/* End XCVersionGroup section */
	};
	rootObject = BC4FDF242A0FE4BF00757706 /* Project object */;
}
