// !$*UTF8*$!
{
	archiveVersion = 1;
	classes = {
	};
	objectVersion = 56;
	objects = {

/* Begin PBXBuildFile section */
		BC4FDF302A0FE4BF00757706 /* AppDelegate.swift in Sources */ = {isa = PBXBuildFile; fileRef = BC4FDF2F2A0FE4BF00757706 /* AppDelegate.swift */; };
		BC4FDF322A0FE4BF00757706 /* SceneDelegate.swift in Sources */ = {isa = PBXBuildFile; fileRef = BC4FDF312A0FE4BF00757706 /* SceneDelegate.swift */; };
		BC4FDF3A2A0FE4BF00757706 /* FaceAnswer.xcdatamodeld in Sources */ = {isa = PBXBuildFile; fileRef = BC4FDF382A0FE4BF00757706 /* FaceAnswer.xcdatamodeld */; };
		BC4FDF3C2A0FE4C100757706 /* Assets.xcassets in Resources */ = {isa = PBXBuildFile; fileRef = BC4FDF3B2A0FE4C100757706 /* Assets.xcassets */; };
		BC4FDF3F2A0FE4C100757706 /* LaunchScreen.storyboard in Resources */ = {isa = PBXBuildFile; fileRef = BC4FDF3D2A0FE4C100757706 /* LaunchScreen.storyboard */; };
		BC4FDF4A2A0FE52500757706 /* View.swift in Sources */ = {isa = PBXBuildFile; fileRef = BC4FDF492A0FE52500757706 /* View.swift */; };
		BC4FDF4C2A0FE52D00757706 /* Interactor.swift in Sources */ = {isa = PBXBuildFile; fileRef = BC4FDF4B2A0FE52D00757706 /* Interactor.swift */; };
		BC4FDF4E2A0FE53700757706 /* Presenter.swift in Sources */ = {isa = PBXBuildFile; fileRef = BC4FDF4D2A0FE53700757706 /* Presenter.swift */; };
		BC4FDF502A0FE53F00757706 /* Entity.swift in Sources */ = {isa = PBXBuildFile; fileRef = BC4FDF4F2A0FE53F00757706 /* Entity.swift */; };
		BC4FDF522A0FE54F00757706 /* Router.swift in Sources */ = {isa = PBXBuildFile; fileRef = BC4FDF512A0FE54F00757706 /* Router.swift */; };
/* End PBXBuildFile section */

/* Begin PBXFileReference section */
		BC4FDF2C2A0FE4BF00757706 /* FaceAnswer.app */ = {isa = PBXFileReference; explicitFileType = wrapper.application; includeInIndex = 0; path = FaceAnswer.app; sourceTree = BUILT_PRODUCTS_DIR; };
		BC4FDF2F2A0FE4BF00757706 /* AppDelegate.swift */ = {isa = PBXFileReference; lastKnownFileType = sourcecode.swift; path = AppDelegate.swift; sourceTree = "<group>"; };
		BC4FDF312A0FE4BF00757706 /* SceneDelegate.swift */ = {isa = PBXFileReference; lastKnownFileType = sourcecode.swift; path = SceneDelegate.swift; sourceTree = "<group>"; };
		BC4FDF392A0FE4BF00757706 /* FaceAnswer.xcdatamodel */ = {isa = PBXFileReference; lastKnownFileType = wrapper.xcdatamodel; path = FaceAnswer.xcdatamodel; sourceTree = "<group>"; };
		BC4FDF3B2A0FE4C100757706 /* Assets.xcassets */ = {isa = PBXFileReference; lastKnownFileType = folder.assetcatalog; path = Assets.xcassets; sourceTree = "<group>"; };
		BC4FDF3E2A0FE4C100757706 /* Base */ = {isa = PBXFileReference; lastKnownFileType = file.storyboard; name = Base; path = Base.lproj/LaunchScreen.storyboard; sourceTree = "<group>"; };
		BC4FDF402A0FE4C100757706 /* Info.plist */ = {isa = PBXFileReference; lastKnownFileType = text.plist.xml; path = Info.plist; sourceTree = "<group>"; };
		BC4FDF492A0FE52500757706 /* View.swift */ = {isa = PBXFileReference; lastKnownFileType = sourcecode.swift; path = View.swift; sourceTree = "<group>"; };
		BC4FDF4B2A0FE52D00757706 /* Interactor.swift */ = {isa = PBXFileReference; lastKnownFileType = sourcecode.swift; path = Interactor.swift; sourceTree = "<group>"; };
		BC4FDF4D2A0FE53700757706 /* Presenter.swift */ = {isa = PBXFileReference; lastKnownFileType = sourcecode.swift; path = Presenter.swift; sourceTree = "<group>"; };
		BC4FDF4F2A0FE53F00757706 /* Entity.swift */ = {isa = PBXFileReference; lastKnownFileType = sourcecode.swift; path = Entity.swift; sourceTree = "<group>"; };
		BC4FDF512A0FE54F00757706 /* Router.swift */ = {isa = PBXFileReference; lastKnownFileType = sourcecode.swift; path = Router.swift; sourceTree = "<group>"; };
/* End PBXFileReference section */

/* Begin PBXFrameworksBuildPhase section */
		BC4FDF292A0FE4BF00757706 /* Frameworks */ = {
			isa = PBXFrameworksBuildPhase;
			buildActionMask = 2147483647;
			files = (
			);
			runOnlyForDeploymentPostprocessing = 0;
		};
/* End PBXFrameworksBuildPhase section */

/* Begin PBXGroup section */
		BC4FDF232A0FE4BF00757706 = {
			isa = PBXGroup;
			children = (
				BC4FDF2E2A0FE4BF00757706 /* FaceAnswer */,
				BC4FDF2D2A0FE4BF00757706 /* Products */,
			);
			sourceTree = "<group>";
		};
		BC4FDF2D2A0FE4BF00757706 /* Products */ = {
			isa = PBXGroup;
			children = (
				BC4FDF2C2A0FE4BF00757706 /* FaceAnswer.app */,
			);
			name = Products;
			sourceTree = "<group>";
		};
		BC4FDF2E2A0FE4BF00757706 /* FaceAnswer */ = {
			isa = PBXGroup;
			children = (
				BC4FDF472A0FE4D100757706 /* Common */,
				BC4FDF462A0FE4C900757706 /* Modules */,
				BC4FDF2F2A0FE4BF00757706 /* AppDelegate.swift */,
				BC4FDF312A0FE4BF00757706 /* SceneDelegate.swift */,
				BC4FDF3B2A0FE4C100757706 /* Assets.xcassets */,
				BC4FDF3D2A0FE4C100757706 /* LaunchScreen.storyboard */,
				BC4FDF402A0FE4C100757706 /* Info.plist */,
				BC4FDF382A0FE4BF00757706 /* FaceAnswer.xcdatamodeld */,
			);
			path = FaceAnswer;
			sourceTree = "<group>";
		};
		BC4FDF462A0FE4C900757706 /* Modules */ = {
			isa = PBXGroup;
			children = (
				BC4FDF482A0FE4F600757706 /* Login */,
			);
			path = Modules;
			sourceTree = "<group>";
		};
		BC4FDF472A0FE4D100757706 /* Common */ = {
			isa = PBXGroup;
			children = (
			);
			path = Common;
			sourceTree = "<group>";
		};
		BC4FDF482A0FE4F600757706 /* Login */ = {
			isa = PBXGroup;
			children = (
				BC4FDF492A0FE52500757706 /* View.swift */,
				BC4FDF4B2A0FE52D00757706 /* Interactor.swift */,
				BC4FDF4D2A0FE53700757706 /* Presenter.swift */,
				BC4FDF4F2A0FE53F00757706 /* Entity.swift */,
				BC4FDF512A0FE54F00757706 /* Router.swift */,
			);
			path = Login;
			sourceTree = "<group>";
		};
/* End PBXGroup section */

/* Begin PBXNativeTarget section */
		BC4FDF2B2A0FE4BF00757706 /* FaceAnswer */ = {
			isa = PBXNativeTarget;
			buildConfigurationList = BC4FDF432A0FE4C100757706 /* Build configuration list for PBXNativeTarget "FaceAnswer" */;
			buildPhases = (
				BC4FDF282A0FE4BF00757706 /* Sources */,
				BC4FDF292A0FE4BF00757706 /* Frameworks */,
				BC4FDF2A2A0FE4BF00757706 /* Resources */,
			);
			buildRules = (
			);
			dependencies = (
			);
			name = FaceAnswer;
			productName = FaceAnswer;
			productReference = BC4FDF2C2A0FE4BF00757706 /* FaceAnswer.app */;
			productType = "com.apple.product-type.application";
		};
/* End PBXNativeTarget section */

/* Begin PBXProject section */
		BC4FDF242A0FE4BF00757706 /* Project object */ = {
			isa = PBXProject;
			attributes = {
				BuildIndependentTargetsInParallel = 1;
				LastSwiftUpdateCheck = 1430;
				LastUpgradeCheck = 1430;
				TargetAttributes = {
					BC4FDF2B2A0FE4BF00757706 = {
						CreatedOnToolsVersion = 14.3;
					};
				};
			};
			buildConfigurationList = BC4FDF272A0FE4BF00757706 /* Build configuration list for PBXProject "FaceAnswer" */;
			compatibilityVersion = "Xcode 14.0";
			developmentRegion = en;
			hasScannedForEncodings = 0;
			knownRegions = (
				en,
				Base,
			);
			mainGroup = BC4FDF232A0FE4BF00757706;
			productRefGroup = BC4FDF2D2A0FE4BF00757706 /* Products */;
			projectDirPath = "";
			projectRoot = "";
			targets = (
				BC4FDF2B2A0FE4BF00757706 /* FaceAnswer */,
			);
		};
/* End PBXProject section */

/* Begin PBXResourcesBuildPhase section */
		BC4FDF2A2A0FE4BF00757706 /* Resources */ = {
			isa = PBXResourcesBuildPhase;
			buildActionMask = 2147483647;
			files = (
				BC4FDF3F2A0FE4C100757706 /* LaunchScreen.storyboard in Resources */,
				BC4FDF3C2A0FE4C100757706 /* Assets.xcassets in Resources */,
			);
			runOnlyForDeploymentPostprocessing = 0;
		};
/* End PBXResourcesBuildPhase section */

/* Begin PBXSourcesBuildPhase section */
		BC4FDF282A0FE4BF00757706 /* Sources */ = {
			isa = PBXSourcesBuildPhase;
			buildActionMask = 2147483647;
			files = (
				BC4FDF4C2A0FE52D00757706 /* Interactor.swift in Sources */,
				BC4FDF4E2A0FE53700757706 /* Presenter.swift in Sources */,
				BC4FDF302A0FE4BF00757706 /* AppDelegate.swift in Sources */,
				BC4FDF522A0FE54F00757706 /* Router.swift in Sources */,
				BC4FDF502A0FE53F00757706 /* Entity.swift in Sources */,
				BC4FDF4A2A0FE52500757706 /* View.swift in Sources */,
				BC4FDF3A2A0FE4BF00757706 /* FaceAnswer.xcdatamodeld in Sources */,
				BC4FDF322A0FE4BF00757706 /* SceneDelegate.swift in Sources */,
			);
			runOnlyForDeploymentPostprocessing = 0;
		};
/* End PBXSourcesBuildPhase section */

/* Begin PBXVariantGroup section */
		BC4FDF3D2A0FE4C100757706 /* LaunchScreen.storyboard */ = {
			isa = PBXVariantGroup;
			children = (
				BC4FDF3E2A0FE4C100757706 /* Base */,
			);
			name = LaunchScreen.storyboard;
			sourceTree = "<group>";
		};
/* End PBXVariantGroup section */

/* Begin XCBuildConfiguration section */
		BC4FDF412A0FE4C100757706 /* Debug */ = {
			isa = XCBuildConfiguration;
			buildSettings = {
				ALWAYS_SEARCH_USER_PATHS = NO;
				CLANG_ANALYZER_NONNULL = YES;
				CLANG_ANALYZER_NUMBER_OBJECT_CONVERSION = YES_AGGRESSIVE;
				CLANG_CXX_LANGUAGE_STANDARD = "gnu++20";
				CLANG_ENABLE_MODULES = YES;
				CLANG_ENABLE_OBJC_ARC = YES;
				CLANG_ENABLE_OBJC_WEAK = YES;
				CLANG_WARN_BLOCK_CAPTURE_AUTORELEASING = YES;
				CLANG_WARN_BOOL_CONVERSION = YES;
				CLANG_WARN_COMMA = YES;
				CLANG_WARN_CONSTANT_CONVERSION = YES;
				CLANG_WARN_DEPRECATED_OBJC_IMPLEMENTATIONS = YES;
				CLANG_WARN_DIRECT_OBJC_ISA_USAGE = YES_ERROR;
				CLANG_WARN_DOCUMENTATION_COMMENTS = YES;
				CLANG_WARN_EMPTY_BODY = YES;
				CLANG_WARN_ENUM_CONVERSION = YES;
				CLANG_WARN_INFINITE_RECURSION = YES;
				CLANG_WARN_INT_CONVERSION = YES;
				CLANG_WARN_NON_LITERAL_NULL_CONVERSION = YES;
				CLANG_WARN_OBJC_IMPLICIT_RETAIN_SELF = YES;
				CLANG_WARN_OBJC_LITERAL_CONVERSION = YES;
				CLANG_WARN_OBJC_ROOT_CLASS = YES_ERROR;
				CLANG_WARN_QUOTED_INCLUDE_IN_FRAMEWORK_HEADER = YES;
				CLANG_WARN_RANGE_LOOP_ANALYSIS = YES;
				CLANG_WARN_STRICT_PROTOTYPES = YES;
				CLANG_WARN_SUSPICIOUS_MOVE = YES;
				CLANG_WARN_UNGUARDED_AVAILABILITY = YES_AGGRESSIVE;
				CLANG_WARN_UNREACHABLE_CODE = YES;
				CLANG_WARN__DUPLICATE_METHOD_MATCH = YES;
				COPY_PHASE_STRIP = NO;
				DEBUG_INFORMATION_FORMAT = dwarf;
				ENABLE_STRICT_OBJC_MSGSEND = YES;
				ENABLE_TESTABILITY = YES;
				GCC_C_LANGUAGE_STANDARD = gnu11;
				GCC_DYNAMIC_NO_PIC = NO;
				GCC_NO_COMMON_BLOCKS = YES;
				GCC_OPTIMIZATION_LEVEL = 0;
				GCC_PREPROCESSOR_DEFINITIONS = (
					"DEBUG=1",
					"$(inherited)",
				);
				GCC_WARN_64_TO_32_BIT_CONVERSION = YES;
				GCC_WARN_ABOUT_RETURN_TYPE = YES_ERROR;
				GCC_WARN_UNDECLARED_SELECTOR = YES;
				GCC_WARN_UNINITIALIZED_AUTOS = YES_AGGRESSIVE;
				GCC_WARN_UNUSED_FUNCTION = YES;
				GCC_WARN_UNUSED_VARIABLE = YES;
				IPHONEOS_DEPLOYMENT_TARGET = 16.4;
				MTL_ENABLE_DEBUG_INFO = INCLUDE_SOURCE;
				MTL_FAST_MATH = YES;
				ONLY_ACTIVE_ARCH = YES;
				SDKROOT = iphoneos;
				SWIFT_ACTIVE_COMPILATION_CONDITIONS = DEBUG;
				SWIFT_OPTIMIZATION_LEVEL = "-Onone";
			};
			name = Debug;
		};
		BC4FDF422A0FE4C100757706 /* Release */ = {
			isa = XCBuildConfiguration;
			buildSettings = {
				ALWAYS_SEARCH_USER_PATHS = NO;
				CLANG_ANALYZER_NONNULL = YES;
				CLANG_ANALYZER_NUMBER_OBJECT_CONVERSION = YES_AGGRESSIVE;
				CLANG_CXX_LANGUAGE_STANDARD = "gnu++20";
				CLANG_ENABLE_MODULES = YES;
				CLANG_ENABLE_OBJC_ARC = YES;
				CLANG_ENABLE_OBJC_WEAK = YES;
				CLANG_WARN_BLOCK_CAPTURE_AUTORELEASING = YES;
				CLANG_WARN_BOOL_CONVERSION = YES;
				CLANG_WARN_COMMA = YES;
				CLANG_WARN_CONSTANT_CONVERSION = YES;
				CLANG_WARN_DEPRECATED_OBJC_IMPLEMENTATIONS = YES;
				CLANG_WARN_DIRECT_OBJC_ISA_USAGE = YES_ERROR;
				CLANG_WARN_DOCUMENTATION_COMMENTS = YES;
				CLANG_WARN_EMPTY_BODY = YES;
				CLANG_WARN_ENUM_CONVERSION = YES;
				CLANG_WARN_INFINITE_RECURSION = YES;
				CLANG_WARN_INT_CONVERSION = YES;
				CLANG_WARN_NON_LITERAL_NULL_CONVERSION = YES;
				CLANG_WARN_OBJC_IMPLICIT_RETAIN_SELF = YES;
				CLANG_WARN_OBJC_LITERAL_CONVERSION = YES;
				CLANG_WARN_OBJC_ROOT_CLASS = YES_ERROR;
				CLANG_WARN_QUOTED_INCLUDE_IN_FRAMEWORK_HEADER = YES;
				CLANG_WARN_RANGE_LOOP_ANALYSIS = YES;
				CLANG_WARN_STRICT_PROTOTYPES = YES;
				CLANG_WARN_SUSPICIOUS_MOVE = YES;
				CLANG_WARN_UNGUARDED_AVAILABILITY = YES_AGGRESSIVE;
				CLANG_WARN_UNREACHABLE_CODE = YES;
				CLANG_WARN__DUPLICATE_METHOD_MATCH = YES;
				COPY_PHASE_STRIP = NO;
				DEBUG_INFORMATION_FORMAT = "dwarf-with-dsym";
				ENABLE_NS_ASSERTIONS = NO;
				ENABLE_STRICT_OBJC_MSGSEND = YES;
				GCC_C_LANGUAGE_STANDARD = gnu11;
				GCC_NO_COMMON_BLOCKS = YES;
				GCC_WARN_64_TO_32_BIT_CONVERSION = YES;
				GCC_WARN_ABOUT_RETURN_TYPE = YES_ERROR;
				GCC_WARN_UNDECLARED_SELECTOR = YES;
				GCC_WARN_UNINITIALIZED_AUTOS = YES_AGGRESSIVE;
				GCC_WARN_UNUSED_FUNCTION = YES;
				GCC_WARN_UNUSED_VARIABLE = YES;
				IPHONEOS_DEPLOYMENT_TARGET = 16.4;
				MTL_ENABLE_DEBUG_INFO = NO;
				MTL_FAST_MATH = YES;
				SDKROOT = iphoneos;
				SWIFT_COMPILATION_MODE = wholemodule;
				SWIFT_OPTIMIZATION_LEVEL = "-O";
				VALIDATE_PRODUCT = YES;
			};
			name = Release;
		};
		BC4FDF442A0FE4C100757706 /* Debug */ = {
			isa = XCBuildConfiguration;
			buildSettings = {
				ASSETCATALOG_COMPILER_APPICON_NAME = AppIcon;
				ASSETCATALOG_COMPILER_GLOBAL_ACCENT_COLOR_NAME = AccentColor;
				CODE_SIGN_STYLE = Automatic;
				CURRENT_PROJECT_VERSION = 1;
				DEVELOPMENT_TEAM = PA6B32629T;
				GENERATE_INFOPLIST_FILE = YES;
				INFOPLIST_FILE = FaceAnswer/Info.plist;
				INFOPLIST_KEY_UIApplicationSupportsIndirectInputEvents = YES;
				INFOPLIST_KEY_UILaunchStoryboardName = LaunchScreen;
				INFOPLIST_KEY_UISupportedInterfaceOrientations_iPad = "UIInterfaceOrientationPortrait UIInterfaceOrientationPortraitUpsideDown UIInterfaceOrientationLandscapeLeft UIInterfaceOrientationLandscapeRight";
				INFOPLIST_KEY_UISupportedInterfaceOrientations_iPhone = "UIInterfaceOrientationPortrait UIInterfaceOrientationLandscapeLeft UIInterfaceOrientationLandscapeRight";
				LD_RUNPATH_SEARCH_PATHS = (
					"$(inherited)",
					"@executable_path/Frameworks",
				);
				MARKETING_VERSION = 1.0;
				PRODUCT_BUNDLE_IDENTIFIER = com.Emre.selfProjectCase.FaceAnswer;
				PRODUCT_NAME = "$(TARGET_NAME)";
				SWIFT_EMIT_LOC_STRINGS = YES;
				SWIFT_VERSION = 5.0;
				TARGETED_DEVICE_FAMILY = "1,2";
			};
			name = Debug;
		};
		BC4FDF452A0FE4C100757706 /* Release */ = {
			isa = XCBuildConfiguration;
			buildSettings = {
				ASSETCATALOG_COMPILER_APPICON_NAME = AppIcon;
				ASSETCATALOG_COMPILER_GLOBAL_ACCENT_COLOR_NAME = AccentColor;
				CODE_SIGN_STYLE = Automatic;
				CURRENT_PROJECT_VERSION = 1;
				DEVELOPMENT_TEAM = PA6B32629T;
				GENERATE_INFOPLIST_FILE = YES;
				INFOPLIST_FILE = FaceAnswer/Info.plist;
				INFOPLIST_KEY_UIApplicationSupportsIndirectInputEvents = YES;
				INFOPLIST_KEY_UILaunchStoryboardName = LaunchScreen;
				INFOPLIST_KEY_UISupportedInterfaceOrientations_iPad = "UIInterfaceOrientationPortrait UIInterfaceOrientationPortraitUpsideDown UIInterfaceOrientationLandscapeLeft UIInterfaceOrientationLandscapeRight";
				INFOPLIST_KEY_UISupportedInterfaceOrientations_iPhone = "UIInterfaceOrientationPortrait UIInterfaceOrientationLandscapeLeft UIInterfaceOrientationLandscapeRight";
				LD_RUNPATH_SEARCH_PATHS = (
					"$(inherited)",
					"@executable_path/Frameworks",
				);
				MARKETING_VERSION = 1.0;
				PRODUCT_BUNDLE_IDENTIFIER = com.Emre.selfProjectCase.FaceAnswer;
				PRODUCT_NAME = "$(TARGET_NAME)";
				SWIFT_EMIT_LOC_STRINGS = YES;
				SWIFT_VERSION = 5.0;
				TARGETED_DEVICE_FAMILY = "1,2";
			};
			name = Release;
		};
/* End XCBuildConfiguration section */

/* Begin XCConfigurationList section */
		BC4FDF272A0FE4BF00757706 /* Build configuration list for PBXProject "FaceAnswer" */ = {
			isa = XCConfigurationList;
			buildConfigurations = (
				BC4FDF412A0FE4C100757706 /* Debug */,
				BC4FDF422A0FE4C100757706 /* Release */,
			);
			defaultConfigurationIsVisible = 0;
			defaultConfigurationName = Release;
		};
		BC4FDF432A0FE4C100757706 /* Build configuration list for PBXNativeTarget "FaceAnswer" */ = {
			isa = XCConfigurationList;
			buildConfigurations = (
				BC4FDF442A0FE4C100757706 /* Debug */,
				BC4FDF452A0FE4C100757706 /* Release */,
			);
			defaultConfigurationIsVisible = 0;
			defaultConfigurationName = Release;
		};
/* End XCConfigurationList section */

/* Begin XCVersionGroup section */
		BC4FDF382A0FE4BF00757706 /* FaceAnswer.xcdatamodeld */ = {
			isa = XCVersionGroup;
			children = (
				BC4FDF392A0FE4BF00757706 /* FaceAnswer.xcdatamodel */,
			);
			currentVersion = BC4FDF392A0FE4BF00757706 /* FaceAnswer.xcdatamodel */;
			path = FaceAnswer.xcdatamodeld;
			sourceTree = "<group>";
			versionGroupType = wrapper.xcdatamodel;
		};
/* End XCVersionGroup section */
	};
	rootObject = BC4FDF242A0FE4BF00757706 /* Project object */;
}
